
Microsoft Visual Studio Solution File, Format Version 12.00
# Visual Studio Version 17
VisualStudioVersion = 17.14.36203.30 d17.14
MinimumVisualStudioVersion = 10.0.40219.1
Project("{FAE04EC0-301F-11D3-BF4B-00C04F79EFBC}") = "PublishNugetTester", "PublishNugetTester\PublishNugetTester.csproj", "{63810D4C-5D78-49A5-B28B-2FD1641A9B10}"
EndProject
Global
	GlobalSection(SolutionConfigurationPlatforms) = preSolution
		Debug|Any CPU = Debug|Any CPU
		Release|Any CPU = Release|Any CPU
	EndGlobalSection
	GlobalSection(ProjectConfigurationPlatforms) = postSolution
		{63810D4C-5D78-49A5-B28B-2FD1641A9B10}.Debug|Any CPU.ActiveCfg = Debug|Any CPU
		{63810D4C-5D78-49A5-B28B-2FD1641A9B10}.Debug|Any CPU.Build.0 = Debug|Any CPU
		{63810D4C-5D78-49A5-B28B-2FD1641A9B10}.Release|Any CPU.ActiveCfg = Release|Any CPU
		{63810D4C-5D78-49A5-B28B-2FD1641A9B10}.Release|Any CPU.Build.0 = Release|Any CPU
	EndGlobalSection
	GlobalSection(SolutionProperties) = preSolution
		HideSolutionNode = FALSE
	EndGlobalSection
	GlobalSection(ExtensibilityGlobals) = postSolution
		SolutionGuid = {25C98522-4F33-4EF9-B5F1-42C38A2A18F7}
	EndGlobalSection
EndGlobal
